
Microsoft Visual Studio Solution File, Format Version 12.00
# Visual Studio Version 16
VisualStudioVersion = 16.0.31624.102
MinimumVisualStudioVersion = 10.0.40219.1
Project("{9A19103F-16F7-4668-BE54-9A1E7A4F7556}") = "Claude", "Claude\Claude.csproj", "{0A7E6546-675A-443D-9CBE-EE8878F3C726}"
EndProject
Project("{9A19103F-16F7-4668-BE54-9A1E7A4F7556}") = "ClaudeLauncher", "ClaudeLauncher\ClaudeLauncher.csproj", "{D3C7D3E2-5935-4A17-AE3B-313EBD29051F}"
	ProjectSection(ProjectDependencies) = postProject
		{B37C1CAA-7BAF-448E-93CF-3F3EFCBCE6F6} = {B37C1CAA-7BAF-448E-93CF-3F3EFCBCE6F6}
	EndProjectSection
EndProject
Project("{FAE04EC0-301F-11D3-BF4B-00C04F79EFBC}") = "ClaudeInstaller", "ClaudeInstaller\ClaudeInstaller.csproj", "{B37C1CAA-7BAF-448E-93CF-3F3EFCBCE6F6}"
EndProject
Global
	GlobalSection(SolutionConfigurationPlatforms) = preSolution
		Debug|Any CPU = Debug|Any CPU
		Release|Any CPU = Release|Any CPU
	EndGlobalSection
	GlobalSection(ProjectConfigurationPlatforms) = postSolution
		{0A7E6546-675A-443D-9CBE-EE8878F3C726}.Debug|Any CPU.ActiveCfg = Debug|Any CPU
		{0A7E6546-675A-443D-9CBE-EE8878F3C726}.Debug|Any CPU.Build.0 = Debug|Any CPU
		{0A7E6546-675A-443D-9CBE-EE8878F3C726}.Release|Any CPU.ActiveCfg = Release|Any CPU
		{0A7E6546-675A-443D-9CBE-EE8878F3C726}.Release|Any CPU.Build.0 = Release|Any CPU
		{D3C7D3E2-5935-4A17-AE3B-313EBD29051F}.Debug|Any CPU.ActiveCfg = Debug|Any CPU
		{D3C7D3E2-5935-4A17-AE3B-313EBD29051F}.Debug|Any CPU.Build.0 = Debug|Any CPU
		{D3C7D3E2-5935-4A17-AE3B-313EBD29051F}.Release|Any CPU.ActiveCfg = Release|Any CPU
		{D3C7D3E2-5935-4A17-AE3B-313EBD29051F}.Release|Any CPU.Build.0 = Release|Any CPU
		{B37C1CAA-7BAF-448E-93CF-3F3EFCBCE6F6}.Debug|Any CPU.ActiveCfg = Debug|Any CPU
		{B37C1CAA-7BAF-448E-93CF-3F3EFCBCE6F6}.Debug|Any CPU.Build.0 = Debug|Any CPU
		{B37C1CAA-7BAF-448E-93CF-3F3EFCBCE6F6}.Release|Any CPU.ActiveCfg = Release|Any CPU
		{B37C1CAA-7BAF-448E-93CF-3F3EFCBCE6F6}.Release|Any CPU.Build.0 = Release|Any CPU
	EndGlobalSection
	GlobalSection(SolutionProperties) = preSolution
		HideSolutionNode = FALSE
	EndGlobalSection
	GlobalSection(ExtensibilityGlobals) = postSolution
		SolutionGuid = {3834CBE5-C489-4F47-8B0A-DB8B6C03569F}
	EndGlobalSection
EndGlobal
